// !$*UTF8*$!
{
	archiveVersion = 1;
	classes = {
	};
	objectVersion = 48;
	objects = {

/* Begin PBXBuildFile section */
		2DA060471F910D47002A6BA3 /* main.cpp in Sources */ = {isa = PBXBuildFile; fileRef = 2DA060461F910D47002A6BA3 /* main.cpp */; };
		2DA061F81F911019002A6BA3 /* mcn_standalone_CPU.hpp in Headers */ = {isa = PBXBuildFile; fileRef = 2DA061F71F911019002A6BA3 /* mcn_standalone_CPU.hpp */; };
		2DA061FA1F911019002A6BA3 /* mcn_standalone_CPUPriv.hpp in Headers */ = {isa = PBXBuildFile; fileRef = 2DA061F91F911019002A6BA3 /* mcn_standalone_CPUPriv.hpp */; };
		2DA061FC1F911019002A6BA3 /* mcn_standalone_CPU.cpp in Sources */ = {isa = PBXBuildFile; fileRef = 2DA061FB1F911019002A6BA3 /* mcn_standalone_CPU.cpp */; };
		2DA062071F911056002A6BA3 /* mcn_lib_cpu.hpp in Headers */ = {isa = PBXBuildFile; fileRef = 2DA062061F911056002A6BA3 /* mcn_lib_cpu.hpp */; };
		2DA062091F911056002A6BA3 /* mcn_lib_cpuPriv.hpp in Headers */ = {isa = PBXBuildFile; fileRef = 2DA062081F911056002A6BA3 /* mcn_lib_cpuPriv.hpp */; };
		2DA0620B1F911056002A6BA3 /* mcn_lib_cpu.cpp in Sources */ = {isa = PBXBuildFile; fileRef = 2DA0620A1F911056002A6BA3 /* mcn_lib_cpu.cpp */; };
/* End PBXBuildFile section */

/* Begin PBXContainerItemProxy section */
		2DA061EF1F910FC6002A6BA3 /* PBXContainerItemProxy */ = {
			isa = PBXContainerItemProxy;
			containerPortal = 2DA061E81F910FC6002A6BA3 /* matconvnet.xcodeproj */;
			proxyType = 2;
			remoteGlobalIDString = 2D375DC318A7FD1C008A97EE;
			remoteInfo = gconv;
		};
/* End PBXContainerItemProxy section */

/* Begin PBXCopyFilesBuildPhase section */
		2DA060411F910D46002A6BA3 /* CopyFiles */ = {
			isa = PBXCopyFilesBuildPhase;
			buildActionMask = 2147483647;
			dstPath = /usr/share/man/man1/;
			dstSubfolderSpec = 0;
			files = (
			);
			runOnlyForDeploymentPostprocessing = 1;
		};
/* End PBXCopyFilesBuildPhase section */

/* Begin PBXFileReference section */
		2DA060431F910D46002A6BA3 /* PortableNet */ = {isa = PBXFileReference; explicitFileType = "compiled.mach-o.executable"; includeInIndex = 0; path = PortableNet; sourceTree = BUILT_PRODUCTS_DIR; };
		2DA060461F910D47002A6BA3 /* main.cpp */ = {isa = PBXFileReference; lastKnownFileType = sourcecode.cpp.cpp; path = main.cpp; sourceTree = "<group>"; };
		2DA061E81F910FC6002A6BA3 /* matconvnet.xcodeproj */ = {isa = PBXFileReference; lastKnownFileType = "wrapper.pb-project"; name = matconvnet.xcodeproj; path = Lib/matconvnet/matconvnet.xcodeproj; sourceTree = "<group>"; };
		2DA061F51F911019002A6BA3 /* libmcn standalone CPU.a */ = {isa = PBXFileReference; explicitFileType = archive.ar; includeInIndex = 0; path = "libmcn standalone CPU.a"; sourceTree = BUILT_PRODUCTS_DIR; };
		2DA061F71F911019002A6BA3 /* mcn_standalone_CPU.hpp */ = {isa = PBXFileReference; lastKnownFileType = sourcecode.cpp.h; path = mcn_standalone_CPU.hpp; sourceTree = "<group>"; };
		2DA061F91F911019002A6BA3 /* mcn_standalone_CPUPriv.hpp */ = {isa = PBXFileReference; lastKnownFileType = sourcecode.cpp.h; path = mcn_standalone_CPUPriv.hpp; sourceTree = "<group>"; };
		2DA061FB1F911019002A6BA3 /* mcn_standalone_CPU.cpp */ = {isa = PBXFileReference; lastKnownFileType = sourcecode.cpp.cpp; path = mcn_standalone_CPU.cpp; sourceTree = "<group>"; };
		2DA062041F911056002A6BA3 /* libmcn-lib-cpu.a */ = {isa = PBXFileReference; explicitFileType = archive.ar; includeInIndex = 0; path = "libmcn-lib-cpu.a"; sourceTree = BUILT_PRODUCTS_DIR; };
		2DA062061F911056002A6BA3 /* mcn_lib_cpu.hpp */ = {isa = PBXFileReference; lastKnownFileType = sourcecode.cpp.h; path = mcn_lib_cpu.hpp; sourceTree = "<group>"; };
		2DA062081F911056002A6BA3 /* mcn_lib_cpuPriv.hpp */ = {isa = PBXFileReference; lastKnownFileType = sourcecode.cpp.h; path = mcn_lib_cpuPriv.hpp; sourceTree = "<group>"; };
		2DA0620A1F911056002A6BA3 /* mcn_lib_cpu.cpp */ = {isa = PBXFileReference; lastKnownFileType = sourcecode.cpp.cpp; path = mcn_lib_cpu.cpp; sourceTree = "<group>"; };
/* End PBXFileReference section */

/* Begin PBXFrameworksBuildPhase section */
		2DA060401F910D46002A6BA3 /* Frameworks */ = {
			isa = PBXFrameworksBuildPhase;
			buildActionMask = 2147483647;
			files = (
			);
			runOnlyForDeploymentPostprocessing = 0;
		};
		2DA061F21F911019002A6BA3 /* Frameworks */ = {
			isa = PBXFrameworksBuildPhase;
			buildActionMask = 2147483647;
			files = (
			);
			runOnlyForDeploymentPostprocessing = 0;
		};
		2DA062011F911056002A6BA3 /* Frameworks */ = {
			isa = PBXFrameworksBuildPhase;
			buildActionMask = 2147483647;
			files = (
			);
			runOnlyForDeploymentPostprocessing = 0;
		};
/* End PBXFrameworksBuildPhase section */

/* Begin PBXGroup section */
		2DA0603A1F910D46002A6BA3 = {
			isa = PBXGroup;
			children = (
				2DA061E81F910FC6002A6BA3 /* matconvnet.xcodeproj */,
				2DA060451F910D46002A6BA3 /* PortableNet */,
				2DA061F61F911019002A6BA3 /* mcn standalone CPU */,
				2DA062051F911056002A6BA3 /* mcn-lib-cpu */,
				2DA060441F910D46002A6BA3 /* Products */,
			);
			sourceTree = "<group>";
		};
		2DA060441F910D46002A6BA3 /* Products */ = {
			isa = PBXGroup;
			children = (
				2DA060431F910D46002A6BA3 /* PortableNet */,
				2DA061F51F911019002A6BA3 /* libmcn standalone CPU.a */,
				2DA062041F911056002A6BA3 /* libmcn-lib-cpu.a */,
			);
			name = Products;
			sourceTree = "<group>";
		};
		2DA060451F910D46002A6BA3 /* PortableNet */ = {
			isa = PBXGroup;
			children = (
				2DA060461F910D47002A6BA3 /* main.cpp */,
			);
			path = PortableNet;
			sourceTree = "<group>";
		};
		2DA061E91F910FC6002A6BA3 /* Products */ = {
			isa = PBXGroup;
			children = (
				2DA061F01F910FC6002A6BA3 /* libgconv.dylib */,
			);
			name = Products;
			sourceTree = "<group>";
		};
		2DA061F61F911019002A6BA3 /* mcn standalone CPU */ = {
			isa = PBXGroup;
			children = (
				2DA061F71F911019002A6BA3 /* mcn_standalone_CPU.hpp */,
				2DA061F91F911019002A6BA3 /* mcn_standalone_CPUPriv.hpp */,
				2DA061FB1F911019002A6BA3 /* mcn_standalone_CPU.cpp */,
			);
			path = "mcn standalone CPU";
			sourceTree = "<group>";
		};
		2DA062051F911056002A6BA3 /* mcn-lib-cpu */ = {
			isa = PBXGroup;
			children = (
				2DA062061F911056002A6BA3 /* mcn_lib_cpu.hpp */,
				2DA062081F911056002A6BA3 /* mcn_lib_cpuPriv.hpp */,
				2DA0620A1F911056002A6BA3 /* mcn_lib_cpu.cpp */,
			);
			path = "mcn-lib-cpu";
			sourceTree = "<group>";
		};
/* End PBXGroup section */

/* Begin PBXHeadersBuildPhase section */
		2DA061F31F911019002A6BA3 /* Headers */ = {
			isa = PBXHeadersBuildPhase;
			buildActionMask = 2147483647;
			files = (
				2DA061FA1F911019002A6BA3 /* mcn_standalone_CPUPriv.hpp in Headers */,
				2DA061F81F911019002A6BA3 /* mcn_standalone_CPU.hpp in Headers */,
			);
			runOnlyForDeploymentPostprocessing = 0;
		};
		2DA062021F911056002A6BA3 /* Headers */ = {
			isa = PBXHeadersBuildPhase;
			buildActionMask = 2147483647;
			files = (
				2DA062071F911056002A6BA3 /* mcn_lib_cpu.hpp in Headers */,
				2DA062091F911056002A6BA3 /* mcn_lib_cpuPriv.hpp in Headers */,
			);
			runOnlyForDeploymentPostprocessing = 0;
		};
/* End PBXHeadersBuildPhase section */

/* Begin PBXNativeTarget section */
		2DA060421F910D46002A6BA3 /* PortableNet */ = {
			isa = PBXNativeTarget;
			buildConfigurationList = 2DA0604A1F910D47002A6BA3 /* Build configuration list for PBXNativeTarget "PortableNet" */;
			buildPhases = (
				2DA0603F1F910D46002A6BA3 /* Sources */,
				2DA060401F910D46002A6BA3 /* Frameworks */,
				2DA060411F910D46002A6BA3 /* CopyFiles */,
			);
			buildRules = (
			);
			dependencies = (
			);
			name = PortableNet;
			productName = PortableNet;
			productReference = 2DA060431F910D46002A6BA3 /* PortableNet */;
			productType = "com.apple.product-type.tool";
		};
		2DA061F41F911019002A6BA3 /* mcn standalone CPU */ = {
			isa = PBXNativeTarget;
			buildConfigurationList = 2DA061FD1F911019002A6BA3 /* Build configuration list for PBXNativeTarget "mcn standalone CPU" */;
			buildPhases = (
				2DA061F11F911019002A6BA3 /* Sources */,
				2DA061F21F911019002A6BA3 /* Frameworks */,
				2DA061F31F911019002A6BA3 /* Headers */,
			);
			buildRules = (
			);
			dependencies = (
			);
			name = "mcn standalone CPU";
			productName = "mcn standalone CPU";
			productReference = 2DA061F51F911019002A6BA3 /* libmcn standalone CPU.a */;
			productType = "com.apple.product-type.library.static";
		};
		2DA062031F911056002A6BA3 /* mcn-lib-cpu */ = {
			isa = PBXNativeTarget;
			buildConfigurationList = 2DA0620C1F911056002A6BA3 /* Build configuration list for PBXNativeTarget "mcn-lib-cpu" */;
			buildPhases = (
				2DA062001F911056002A6BA3 /* Sources */,
				2DA062011F911056002A6BA3 /* Frameworks */,
				2DA062021F911056002A6BA3 /* Headers */,
			);
			buildRules = (
			);
			dependencies = (
			);
			name = "mcn-lib-cpu";
			productName = "mcn-lib-cpu";
			productReference = 2DA062041F911056002A6BA3 /* libmcn-lib-cpu.a */;
			productType = "com.apple.product-type.library.static";
		};
/* End PBXNativeTarget section */

/* Begin PBXProject section */
		2DA0603B1F910D46002A6BA3 /* Project object */ = {
			isa = PBXProject;
			attributes = {
				LastUpgradeCheck = 0900;
				ORGANIZATIONNAME = VGG;
				TargetAttributes = {
					2DA060421F910D46002A6BA3 = {
						CreatedOnToolsVersion = 9.0;
						ProvisioningStyle = Automatic;
					};
					2DA061F41F911019002A6BA3 = {
						CreatedOnToolsVersion = 9.0;
						ProvisioningStyle = Automatic;
					};
					2DA062031F911056002A6BA3 = {
						CreatedOnToolsVersion = 9.0;
						ProvisioningStyle = Automatic;
					};
				};
			};
			buildConfigurationList = 2DA0603E1F910D46002A6BA3 /* Build configuration list for PBXProject "PortableNet" */;
			compatibilityVersion = "Xcode 8.0";
			developmentRegion = en;
			hasScannedForEncodings = 0;
			knownRegions = (
				en,
			);
			mainGroup = 2DA0603A1F910D46002A6BA3;
			productRefGroup = 2DA060441F910D46002A6BA3 /* Products */;
			projectDirPath = "";
			projectReferences = (
				{
					ProductGroup = 2DA061E91F910FC6002A6BA3 /* Products */;
					ProjectRef = 2DA061E81F910FC6002A6BA3 /* matconvnet.xcodeproj */;
				},
			);
			projectRoot = "";
			targets = (
				2DA060421F910D46002A6BA3 /* PortableNet */,
				2DA061F41F911019002A6BA3 /* mcn standalone CPU */,
				2DA062031F911056002A6BA3 /* mcn-lib-cpu */,
			);
		};
/* End PBXProject section */

/* Begin PBXReferenceProxy section */
		2DA061F01F910FC6002A6BA3 /* libgconv.dylib */ = {
			isa = PBXReferenceProxy;
			fileType = "compiled.mach-o.dylib";
			path = libgconv.dylib;
			remoteRef = 2DA061EF1F910FC6002A6BA3 /* PBXContainerItemProxy */;
			sourceTree = BUILT_PRODUCTS_DIR;
		};
/* End PBXReferenceProxy section */

/* Begin PBXSourcesBuildPhase section */
		2DA0603F1F910D46002A6BA3 /* Sources */ = {
			isa = PBXSourcesBuildPhase;
			buildActionMask = 2147483647;
			files = (
				2DA060471F910D47002A6BA3 /* main.cpp in Sources */,
			);
			runOnlyForDeploymentPostprocessing = 0;
		};
		2DA061F11F911019002A6BA3 /* Sources */ = {
			isa = PBXSourcesBuildPhase;
			buildActionMask = 2147483647;
			files = (
				2DA061FC1F911019002A6BA3 /* mcn_standalone_CPU.cpp in Sources */,
			);
			runOnlyForDeploymentPostprocessing = 0;
		};
		2DA062001F911056002A6BA3 /* Sources */ = {
			isa = PBXSourcesBuildPhase;
			buildActionMask = 2147483647;
			files = (
				2DA0620B1F911056002A6BA3 /* mcn_lib_cpu.cpp in Sources */,
			);
			runOnlyForDeploymentPostprocessing = 0;
		};
/* End PBXSourcesBuildPhase section */

/* Begin XCBuildConfiguration section */
		2DA060481F910D47002A6BA3 /* Debug */ = {
			isa = XCBuildConfiguration;
			buildSettings = {
				ALWAYS_SEARCH_USER_PATHS = NO;
				CLANG_ANALYZER_NONNULL = YES;
				CLANG_ANALYZER_NUMBER_OBJECT_CONVERSION = YES_AGGRESSIVE;
				CLANG_CXX_LANGUAGE_STANDARD = "gnu++14";
				CLANG_CXX_LIBRARY = "libc++";
				CLANG_ENABLE_MODULES = YES;
				CLANG_ENABLE_OBJC_ARC = YES;
				CLANG_WARN_BLOCK_CAPTURE_AUTORELEASING = YES;
				CLANG_WARN_BOOL_CONVERSION = YES;
				CLANG_WARN_COMMA = YES;
				CLANG_WARN_CONSTANT_CONVERSION = YES;
				CLANG_WARN_DIRECT_OBJC_ISA_USAGE = YES_ERROR;
				CLANG_WARN_DOCUMENTATION_COMMENTS = YES;
				CLANG_WARN_EMPTY_BODY = YES;
				CLANG_WARN_ENUM_CONVERSION = YES;
				CLANG_WARN_INFINITE_RECURSION = YES;
				CLANG_WARN_INT_CONVERSION = YES;
				CLANG_WARN_NON_LITERAL_NULL_CONVERSION = YES;
				CLANG_WARN_OBJC_LITERAL_CONVERSION = YES;
				CLANG_WARN_OBJC_ROOT_CLASS = YES_ERROR;
				CLANG_WARN_RANGE_LOOP_ANALYSIS = YES;
				CLANG_WARN_STRICT_PROTOTYPES = YES;
				CLANG_WARN_SUSPICIOUS_MOVE = YES;
				CLANG_WARN_UNGUARDED_AVAILABILITY = YES_AGGRESSIVE;
				CLANG_WARN_UNREACHABLE_CODE = YES;
				CLANG_WARN__DUPLICATE_METHOD_MATCH = YES;
				CODE_SIGN_IDENTITY = "-";
				COPY_PHASE_STRIP = NO;
				DEBUG_INFORMATION_FORMAT = dwarf;
				ENABLE_STRICT_OBJC_MSGSEND = YES;
				ENABLE_TESTABILITY = YES;
				GCC_C_LANGUAGE_STANDARD = gnu11;
				GCC_DYNAMIC_NO_PIC = NO;
				GCC_NO_COMMON_BLOCKS = YES;
				GCC_OPTIMIZATION_LEVEL = 0;
				GCC_PREPROCESSOR_DEFINITIONS = (
					"DEBUG=1",
					"$(inherited)",
				);
				GCC_WARN_64_TO_32_BIT_CONVERSION = YES;
				GCC_WARN_ABOUT_RETURN_TYPE = YES_ERROR;
				GCC_WARN_UNDECLARED_SELECTOR = YES;
				GCC_WARN_UNINITIALIZED_AUTOS = YES_AGGRESSIVE;
				GCC_WARN_UNUSED_FUNCTION = YES;
				GCC_WARN_UNUSED_VARIABLE = YES;
				MACOSX_DEPLOYMENT_TARGET = 10.12;
				MTL_ENABLE_DEBUG_INFO = YES;
				ONLY_ACTIVE_ARCH = YES;
				SDKROOT = macosx;
			};
			name = Debug;
		};
		2DA060491F910D47002A6BA3 /* Release */ = {
			isa = XCBuildConfiguration;
			buildSettings = {
				ALWAYS_SEARCH_USER_PATHS = NO;
				CLANG_ANALYZER_NONNULL = YES;
				CLANG_ANALYZER_NUMBER_OBJECT_CONVERSION = YES_AGGRESSIVE;
				CLANG_CXX_LANGUAGE_STANDARD = "gnu++14";
				CLANG_CXX_LIBRARY = "libc++";
				CLANG_ENABLE_MODULES = YES;
				CLANG_ENABLE_OBJC_ARC = YES;
				CLANG_WARN_BLOCK_CAPTURE_AUTORELEASING = YES;
				CLANG_WARN_BOOL_CONVERSION = YES;
				CLANG_WARN_COMMA = YES;
				CLANG_WARN_CONSTANT_CONVERSION = YES;
				CLANG_WARN_DIRECT_OBJC_ISA_USAGE = YES_ERROR;
				CLANG_WARN_DOCUMENTATION_COMMENTS = YES;
				CLANG_WARN_EMPTY_BODY = YES;
				CLANG_WARN_ENUM_CONVERSION = YES;
				CLANG_WARN_INFINITE_RECURSION = YES;
				CLANG_WARN_INT_CONVERSION = YES;
				CLANG_WARN_NON_LITERAL_NULL_CONVERSION = YES;
				CLANG_WARN_OBJC_LITERAL_CONVERSION = YES;
				CLANG_WARN_OBJC_ROOT_CLASS = YES_ERROR;
				CLANG_WARN_RANGE_LOOP_ANALYSIS = YES;
				CLANG_WARN_STRICT_PROTOTYPES = YES;
				CLANG_WARN_SUSPICIOUS_MOVE = YES;
				CLANG_WARN_UNGUARDED_AVAILABILITY = YES_AGGRESSIVE;
				CLANG_WARN_UNREACHABLE_CODE = YES;
				CLANG_WARN__DUPLICATE_METHOD_MATCH = YES;
				CODE_SIGN_IDENTITY = "-";
				COPY_PHASE_STRIP = NO;
				DEBUG_INFORMATION_FORMAT = "dwarf-with-dsym";
				ENABLE_NS_ASSERTIONS = NO;
				ENABLE_STRICT_OBJC_MSGSEND = YES;
				GCC_C_LANGUAGE_STANDARD = gnu11;
				GCC_NO_COMMON_BLOCKS = YES;
				GCC_WARN_64_TO_32_BIT_CONVERSION = YES;
				GCC_WARN_ABOUT_RETURN_TYPE = YES_ERROR;
				GCC_WARN_UNDECLARED_SELECTOR = YES;
				GCC_WARN_UNINITIALIZED_AUTOS = YES_AGGRESSIVE;
				GCC_WARN_UNUSED_FUNCTION = YES;
				GCC_WARN_UNUSED_VARIABLE = YES;
				MACOSX_DEPLOYMENT_TARGET = 10.12;
				MTL_ENABLE_DEBUG_INFO = NO;
				SDKROOT = macosx;
			};
			name = Release;
		};
		2DA0604B1F910D47002A6BA3 /* Debug */ = {
			isa = XCBuildConfiguration;
			buildSettings = {
				CODE_SIGN_STYLE = Automatic;
				PRODUCT_NAME = "$(TARGET_NAME)";
			};
			name = Debug;
		};
		2DA0604C1F910D47002A6BA3 /* Release */ = {
			isa = XCBuildConfiguration;
			buildSettings = {
				CODE_SIGN_STYLE = Automatic;
				PRODUCT_NAME = "$(TARGET_NAME)";
			};
			name = Release;
		};
		2DA061FE1F911019002A6BA3 /* Debug */ = {
			isa = XCBuildConfiguration;
			buildSettings = {
				CODE_SIGN_STYLE = Automatic;
				EXECUTABLE_PREFIX = lib;
				GCC_ENABLE_CPP_EXCEPTIONS = YES;
				GCC_ENABLE_CPP_RTTI = YES;
				PRODUCT_NAME = "$(TARGET_NAME)";
			};
			name = Debug;
		};
		2DA061FF1F911019002A6BA3 /* Release */ = {
			isa = XCBuildConfiguration;
			buildSettings = {
				CODE_SIGN_STYLE = Automatic;
				EXECUTABLE_PREFIX = lib;
				GCC_ENABLE_CPP_EXCEPTIONS = YES;
				GCC_ENABLE_CPP_RTTI = YES;
				PRODUCT_NAME = "$(TARGET_NAME)";
			};
			name = Release;
		};
		2DA0620D1F911056002A6BA3 /* Debug */ = {
			isa = XCBuildConfiguration;
			buildSettings = {
				CODE_SIGN_STYLE = Automatic;
				EXECUTABLE_PREFIX = lib;
				GCC_ENABLE_CPP_EXCEPTIONS = YES;
				GCC_ENABLE_CPP_RTTI = YES;
				PRODUCT_NAME = "$(TARGET_NAME)";
			};
			name = Debug;
		};
		2DA0620E1F911056002A6BA3 /* Release */ = {
			isa = XCBuildConfiguration;
			buildSettings = {
				CODE_SIGN_STYLE = Automatic;
				EXECUTABLE_PREFIX = lib;
				GCC_ENABLE_CPP_EXCEPTIONS = YES;
				GCC_ENABLE_CPP_RTTI = YES;
				PRODUCT_NAME = "$(TARGET_NAME)";
			};
			name = Release;
		};
/* End XCBuildConfiguration section */

/* Begin XCConfigurationList section */
		2DA0603E1F910D46002A6BA3 /* Build configuration list for PBXProject "PortableNet" */ = {
			isa = XCConfigurationList;
			buildConfigurations = (
				2DA060481F910D47002A6BA3 /* Debug */,
				2DA060491F910D47002A6BA3 /* Release */,
			);
			defaultConfigurationIsVisible = 0;
			defaultConfigurationName = Release;
		};
		2DA0604A1F910D47002A6BA3 /* Build configuration list for PBXNativeTarget "PortableNet" */ = {
			isa = XCConfigurationList;
			buildConfigurations = (
				2DA0604B1F910D47002A6BA3 /* Debug */,
				2DA0604C1F910D47002A6BA3 /* Release */,
			);
			defaultConfigurationIsVisible = 0;
			defaultConfigurationName = Release;
		};
		2DA061FD1F911019002A6BA3 /* Build configuration list for PBXNativeTarget "mcn standalone CPU" */ = {
			isa = XCConfigurationList;
			buildConfigurations = (
				2DA061FE1F911019002A6BA3 /* Debug */,
				2DA061FF1F911019002A6BA3 /* Release */,
			);
			defaultConfigurationIsVisible = 0;
			defaultConfigurationName = Release;
		};
		2DA0620C1F911056002A6BA3 /* Build configuration list for PBXNativeTarget "mcn-lib-cpu" */ = {
			isa = XCConfigurationList;
			buildConfigurations = (
				2DA0620D1F911056002A6BA3 /* Debug */,
				2DA0620E1F911056002A6BA3 /* Release */,
			);
			defaultConfigurationIsVisible = 0;
			defaultConfigurationName = Release;
		};
/* End XCConfigurationList section */
	};
	rootObject = 2DA0603B1F910D46002A6BA3 /* Project object */;
}
